
Microsoft Visual Studio Solution File, Format Version 12.00
# Visual Studio Version 17
VisualStudioVersion = 17.2.32519.379
MinimumVisualStudioVersion = 10.0.40219.1
Project("{FAE04EC0-301F-11D3-BF4B-00C04F79EFBC}") = "CyloAPI", "CyloAPI\CyloAPI.csproj", "{A51C6981-01CB-4B93-8BD7-5D940A1F8780}"
EndProject
Global
	GlobalSection(SolutionConfigurationPlatforms) = preSolution
		Debug|Any CPU = Debug|Any CPU
		Release|Any CPU = Release|Any CPU
	EndGlobalSection
	GlobalSection(ProjectConfigurationPlatforms) = postSolution
		{A51C6981-01CB-4B93-8BD7-5D940A1F8780}.Debug|Any CPU.ActiveCfg = Debug|Any CPU
		{A51C6981-01CB-4B93-8BD7-5D940A1F8780}.Debug|Any CPU.Build.0 = Debug|Any CPU
		{A51C6981-01CB-4B93-8BD7-5D940A1F8780}.Release|Any CPU.ActiveCfg = Release|Any CPU
		{A51C6981-01CB-4B93-8BD7-5D940A1F8780}.Release|Any CPU.Build.0 = Release|Any CPU
	EndGlobalSection
	GlobalSection(SolutionProperties) = preSolution
		HideSolutionNode = FALSE
	EndGlobalSection
	GlobalSection(ExtensibilityGlobals) = postSolution
		SolutionGuid = {3DF46CD5-6C12-4CFD-9431-229754E10E3A}
	EndGlobalSection
EndGlobal
